
Microsoft Visual Studio Solution File, Format Version 12.00
# Visual Studio Version 16
VisualStudioVersion = 16.0.31205.134
MinimumVisualStudioVersion = 10.0.40219.1
Project("{FAE04EC0-301F-11D3-BF4B-00C04F79EFBC}") = "prakticheskaia1_byNeshik", "prakticheskaia1_byNeshik\prakticheskaia1_byNeshik.csproj", "{0BE4C29E-6CE2-4A74-9413-091F2EF0D0DC}"
EndProject
Global
	GlobalSection(SolutionConfigurationPlatforms) = preSolution
		Debug|Any CPU = Debug|Any CPU
		Release|Any CPU = Release|Any CPU
	EndGlobalSection
	GlobalSection(ProjectConfigurationPlatforms) = postSolution
		{0BE4C29E-6CE2-4A74-9413-091F2EF0D0DC}.Debug|Any CPU.ActiveCfg = Debug|Any CPU
		{0BE4C29E-6CE2-4A74-9413-091F2EF0D0DC}.Debug|Any CPU.Build.0 = Debug|Any CPU
		{0BE4C29E-6CE2-4A74-9413-091F2EF0D0DC}.Release|Any CPU.ActiveCfg = Release|Any CPU
		{0BE4C29E-6CE2-4A74-9413-091F2EF0D0DC}.Release|Any CPU.Build.0 = Release|Any CPU
	EndGlobalSection
	GlobalSection(SolutionProperties) = preSolution
		HideSolutionNode = FALSE
	EndGlobalSection
	GlobalSection(ExtensibilityGlobals) = postSolution
		SolutionGuid = {BD715083-5D15-4A02-8103-429D3348217A}
	EndGlobalSection
EndGlobal
